
Microsoft Visual Studio Solution File, Format Version 11.00
# Visual Basic Express 2010
Project("{F184B08F-C81C-45F6-A57F-5ABD9991F28F}") = "screenshaver", "screenshaver\screenshaver.vbproj", "{8B775F2A-061A-4C58-BC88-3FB844EA6DB6}"
EndProject
Global
	GlobalSection(SolutionConfigurationPlatforms) = preSolution
		Debug|x86 = Debug|x86
		Release|x86 = Release|x86
	EndGlobalSection
	GlobalSection(ProjectConfigurationPlatforms) = postSolution
		{8B775F2A-061A-4C58-BC88-3FB844EA6DB6}.Debug|x86.ActiveCfg = Debug|x86
		{8B775F2A-061A-4C58-BC88-3FB844EA6DB6}.Debug|x86.Build.0 = Debug|x86
		{8B775F2A-061A-4C58-BC88-3FB844EA6DB6}.Release|x86.ActiveCfg = Release|x86
		{8B775F2A-061A-4C58-BC88-3FB844EA6DB6}.Release|x86.Build.0 = Release|x86
	EndGlobalSection
	GlobalSection(SolutionProperties) = preSolution
		HideSolutionNode = FALSE
	EndGlobalSection
EndGlobal
